
Microsoft Visual Studio Solution File, Format Version 11.00
# Visual Studio 2010
# SharpDevelop 5.1
Project("{FAE04EC0-301F-11D3-BF4B-00C04F79EFBC}") = "exG", "exG\exG.csproj", "{59218E30-69E0-4068-96A0-0FAC9DE7A1EC}"
EndProject
Global
	GlobalSection(SolutionConfigurationPlatforms) = preSolution
		Debug|Any CPU = Debug|Any CPU
		Release|Any CPU = Release|Any CPU
	EndGlobalSection
	GlobalSection(ProjectConfigurationPlatforms) = postSolution
		{59218E30-69E0-4068-96A0-0FAC9DE7A1EC}.Debug|Any CPU.ActiveCfg = Debug|Any CPU
		{59218E30-69E0-4068-96A0-0FAC9DE7A1EC}.Debug|Any CPU.Build.0 = Debug|Any CPU
		{59218E30-69E0-4068-96A0-0FAC9DE7A1EC}.Release|Any CPU.ActiveCfg = Release|Any CPU
		{59218E30-69E0-4068-96A0-0FAC9DE7A1EC}.Release|Any CPU.Build.0 = Release|Any CPU
	EndGlobalSection
EndGlobal
