
Microsoft Visual Studio Solution File, Format Version 11.00
# Visual Studio 2010
# SharpDevelop 5.1
Project("{FAE04EC0-301F-11D3-BF4B-00C04F79EFBC}") = "b", "b\b.csproj", "{773CD06C-A00C-4022-AD4F-0291D07B4CA5}"
EndProject
Global
	GlobalSection(SolutionConfigurationPlatforms) = preSolution
		Debug|Any CPU = Debug|Any CPU
		Release|Any CPU = Release|Any CPU
	EndGlobalSection
	GlobalSection(ProjectConfigurationPlatforms) = postSolution
		{773CD06C-A00C-4022-AD4F-0291D07B4CA5}.Debug|Any CPU.ActiveCfg = Debug|Any CPU
		{773CD06C-A00C-4022-AD4F-0291D07B4CA5}.Debug|Any CPU.Build.0 = Debug|Any CPU
		{773CD06C-A00C-4022-AD4F-0291D07B4CA5}.Release|Any CPU.ActiveCfg = Release|Any CPU
		{773CD06C-A00C-4022-AD4F-0291D07B4CA5}.Release|Any CPU.Build.0 = Release|Any CPU
	EndGlobalSection
EndGlobal
